
Microsoft Visual Studio Solution File, Format Version 12.00
# Visual Studio Version 17
VisualStudioVersion = 17.5.33414.496
MinimumVisualStudioVersion = 10.0.40219.1
Project("{FAE04EC0-301F-11D3-BF4B-00C04F79EFBC}") = "InversãoString", "InversãoString.csproj", "{891DD992-3524-4FAB-9430-1F51DBA31155}"
EndProject
Global
	GlobalSection(SolutionConfigurationPlatforms) = preSolution
		Debug|Any CPU = Debug|Any CPU
		Release|Any CPU = Release|Any CPU
	EndGlobalSection
	GlobalSection(ProjectConfigurationPlatforms) = postSolution
		{891DD992-3524-4FAB-9430-1F51DBA31155}.Debug|Any CPU.ActiveCfg = Debug|Any CPU
		{891DD992-3524-4FAB-9430-1F51DBA31155}.Debug|Any CPU.Build.0 = Debug|Any CPU
		{891DD992-3524-4FAB-9430-1F51DBA31155}.Release|Any CPU.ActiveCfg = Release|Any CPU
		{891DD992-3524-4FAB-9430-1F51DBA31155}.Release|Any CPU.Build.0 = Release|Any CPU
	EndGlobalSection
	GlobalSection(SolutionProperties) = preSolution
		HideSolutionNode = FALSE
	EndGlobalSection
	GlobalSection(ExtensibilityGlobals) = postSolution
		SolutionGuid = {83365B2F-88A7-4C0F-9C08-E157176B4D69}
	EndGlobalSection
EndGlobal
